
Microsoft Visual Studio Solution File, Format Version 12.00
# Visual Studio 15
VisualStudioVersion = 15.0.28307.1062
MinimumVisualStudioVersion = 10.0.40219.1
Project("{FAE04EC0-301F-11D3-BF4B-00C04F79EFBC}") = "Vidly", "Vidly\Vidly.csproj", "{A78BE83D-17AA-4C64-9D8D-4B09CDB2C91D}"
EndProject
Global
	GlobalSection(SolutionConfigurationPlatforms) = preSolution
		Debug|Any CPU = Debug|Any CPU
		Release|Any CPU = Release|Any CPU
	EndGlobalSection
	GlobalSection(ProjectConfigurationPlatforms) = postSolution
		{A78BE83D-17AA-4C64-9D8D-4B09CDB2C91D}.Debug|Any CPU.ActiveCfg = Debug|Any CPU
		{A78BE83D-17AA-4C64-9D8D-4B09CDB2C91D}.Debug|Any CPU.Build.0 = Debug|Any CPU
		{A78BE83D-17AA-4C64-9D8D-4B09CDB2C91D}.Release|Any CPU.ActiveCfg = Release|Any CPU
		{A78BE83D-17AA-4C64-9D8D-4B09CDB2C91D}.Release|Any CPU.Build.0 = Release|Any CPU
	EndGlobalSection
	GlobalSection(SolutionProperties) = preSolution
		HideSolutionNode = FALSE
	EndGlobalSection
	GlobalSection(ExtensibilityGlobals) = postSolution
		SolutionGuid = {4F06B240-6513-432D-87D6-04A882F52FE1}
	EndGlobalSection
EndGlobal
